
Microsoft Visual Studio Solution File, Format Version 12.00
# Visual Studio Version 17
VisualStudioVersion = 17.6.33829.357
MinimumVisualStudioVersion = 10.0.40219.1
Project("{FAE04EC0-301F-11D3-BF4B-00C04F79EFBC}") = "Ecommerce", "Ecommerce\Ecommerce.csproj", "{7727FD5E-B43D-42F7-8885-F56A6B15BDB5}"
EndProject
Global
	GlobalSection(SolutionConfigurationPlatforms) = preSolution
		Debug|Any CPU = Debug|Any CPU
		Release|Any CPU = Release|Any CPU
	EndGlobalSection
	GlobalSection(ProjectConfigurationPlatforms) = postSolution
		{7727FD5E-B43D-42F7-8885-F56A6B15BDB5}.Debug|Any CPU.ActiveCfg = Debug|Any CPU
		{7727FD5E-B43D-42F7-8885-F56A6B15BDB5}.Debug|Any CPU.Build.0 = Debug|Any CPU
		{7727FD5E-B43D-42F7-8885-F56A6B15BDB5}.Release|Any CPU.ActiveCfg = Release|Any CPU
		{7727FD5E-B43D-42F7-8885-F56A6B15BDB5}.Release|Any CPU.Build.0 = Release|Any CPU
	EndGlobalSection
	GlobalSection(SolutionProperties) = preSolution
		HideSolutionNode = FALSE
	EndGlobalSection
	GlobalSection(ExtensibilityGlobals) = postSolution
		SolutionGuid = {8E8CAA4D-926F-4FCC-B4D1-FD6944E24653}
	EndGlobalSection
EndGlobal
